
Microsoft Visual Studio Solution File, Format Version 12.00
# Visual Studio Version 17
VisualStudioVersion = 17.0.32112.339
MinimumVisualStudioVersion = 10.0.40219.1
Project("{9A19103F-16F7-4668-BE54-9A1E7A4F7556}") = "Win21Pages", "Win21Pages\Win21Pages.csproj", "{4A76C40D-810E-4BA8-8AA8-8B1AD6A2A0FB}"
EndProject
Global
	GlobalSection(SolutionConfigurationPlatforms) = preSolution
		Debug|Any CPU = Debug|Any CPU
		Release|Any CPU = Release|Any CPU
	EndGlobalSection
	GlobalSection(ProjectConfigurationPlatforms) = postSolution
		{4A76C40D-810E-4BA8-8AA8-8B1AD6A2A0FB}.Debug|Any CPU.ActiveCfg = Debug|Any CPU
		{4A76C40D-810E-4BA8-8AA8-8B1AD6A2A0FB}.Debug|Any CPU.Build.0 = Debug|Any CPU
		{4A76C40D-810E-4BA8-8AA8-8B1AD6A2A0FB}.Release|Any CPU.ActiveCfg = Release|Any CPU
		{4A76C40D-810E-4BA8-8AA8-8B1AD6A2A0FB}.Release|Any CPU.Build.0 = Release|Any CPU
	EndGlobalSection
	GlobalSection(SolutionProperties) = preSolution
		HideSolutionNode = FALSE
	EndGlobalSection
	GlobalSection(ExtensibilityGlobals) = postSolution
		SolutionGuid = {398943E4-D4EF-409F-897B-1370478333E6}
	EndGlobalSection
EndGlobal
